
Microsoft Visual Studio Solution File, Format Version 12.00
# Visual Studio Version 17
VisualStudioVersion = 17.6.33815.320
MinimumVisualStudioVersion = 10.0.40219.1
Project("{FAE04EC0-301F-11D3-BF4B-00C04F79EFBC}") = "ParkView", "ParkView\ParkView.csproj", "{83F78627-3F95-48DE-BE85-A346DCE6947B}"
EndProject
Global
	GlobalSection(SolutionConfigurationPlatforms) = preSolution
		Debug|Any CPU = Debug|Any CPU
		Release|Any CPU = Release|Any CPU
	EndGlobalSection
	GlobalSection(ProjectConfigurationPlatforms) = postSolution
		{83F78627-3F95-48DE-BE85-A346DCE6947B}.Debug|Any CPU.ActiveCfg = Debug|Any CPU
		{83F78627-3F95-48DE-BE85-A346DCE6947B}.Debug|Any CPU.Build.0 = Debug|Any CPU
		{83F78627-3F95-48DE-BE85-A346DCE6947B}.Release|Any CPU.ActiveCfg = Release|Any CPU
		{83F78627-3F95-48DE-BE85-A346DCE6947B}.Release|Any CPU.Build.0 = Release|Any CPU
	EndGlobalSection
	GlobalSection(SolutionProperties) = preSolution
		HideSolutionNode = FALSE
	EndGlobalSection
	GlobalSection(ExtensibilityGlobals) = postSolution
		SolutionGuid = {BAB54B5F-CE47-44D5-BDB4-26F549059A52}
	EndGlobalSection
EndGlobal
